
Microsoft Visual Studio Solution File, Format Version 12.00
# Visual Studio 15
VisualStudioVersion = 15.0.27004.2008
MinimumVisualStudioVersion = 10.0.40219.1
Project("{8BC9CEB8-8B4A-11D0-8D11-00A0C91BC942}") = "1", "1\1.vcxproj", "{38451E38-EA83-4E78-870F-E5DFC8CA9418}"
EndProject
Project("{8BC9CEB8-8B4A-11D0-8D11-00A0C91BC942}") = "2", "2\2.vcxproj", "{662DC847-2E66-429C-9831-894D4A50C1CE}"
EndProject
Project("{8BC9CEB8-8B4A-11D0-8D11-00A0C91BC942}") = "3", "3\3.vcxproj", "{B5A58F99-0D21-4F73-93A6-984FD1BFEA4E}"
EndProject
Global
	GlobalSection(SolutionConfigurationPlatforms) = preSolution
		Debug|x64 = Debug|x64
		Release|x64 = Release|x64
	EndGlobalSection
	GlobalSection(ProjectConfigurationPlatforms) = postSolution
		{38451E38-EA83-4E78-870F-E5DFC8CA9418}.Debug|x64.ActiveCfg = Debug|x64
		{38451E38-EA83-4E78-870F-E5DFC8CA9418}.Debug|x64.Build.0 = Debug|x64
		{38451E38-EA83-4E78-870F-E5DFC8CA9418}.Release|x64.ActiveCfg = Release|x64
		{38451E38-EA83-4E78-870F-E5DFC8CA9418}.Release|x64.Build.0 = Release|x64
		{662DC847-2E66-429C-9831-894D4A50C1CE}.Debug|x64.ActiveCfg = Debug|x64
		{662DC847-2E66-429C-9831-894D4A50C1CE}.Debug|x64.Build.0 = Debug|x64
		{662DC847-2E66-429C-9831-894D4A50C1CE}.Release|x64.ActiveCfg = Release|x64
		{662DC847-2E66-429C-9831-894D4A50C1CE}.Release|x64.Build.0 = Release|x64
		{B5A58F99-0D21-4F73-93A6-984FD1BFEA4E}.Debug|x64.ActiveCfg = Debug|x64
		{B5A58F99-0D21-4F73-93A6-984FD1BFEA4E}.Debug|x64.Build.0 = Debug|x64
		{B5A58F99-0D21-4F73-93A6-984FD1BFEA4E}.Release|x64.ActiveCfg = Release|x64
		{B5A58F99-0D21-4F73-93A6-984FD1BFEA4E}.Release|x64.Build.0 = Release|x64
	EndGlobalSection
	GlobalSection(SolutionProperties) = preSolution
		HideSolutionNode = FALSE
	EndGlobalSection
	GlobalSection(ExtensibilityGlobals) = postSolution
		SolutionGuid = {E9B342B7-014D-453C-A6E6-529DF18C0E5B}
	EndGlobalSection
EndGlobal
